// !$*UTF8*$!
{
	archiveVersion = 1;
	classes = {
	};
	objectVersion = 56;
	objects = {

/* Begin PBXBuildFile section */
		70865D0C29B83879000931A7 /* AppDelegate.m in Sources */ = {isa = PBXBuildFile; fileRef = 70865D0B29B83879000931A7 /* AppDelegate.m */; };
		70865D0F29B83879000931A7 /* SceneDelegate.m in Sources */ = {isa = PBXBuildFile; fileRef = 70865D0E29B83879000931A7 /* SceneDelegate.m */; };
		70865D1229B83879000931A7 /* ViewController.m in Sources */ = {isa = PBXBuildFile; fileRef = 70865D1129B83879000931A7 /* ViewController.m */; };
		70865D1529B83879000931A7 /* Main.storyboard in Resources */ = {isa = PBXBuildFile; fileRef = 70865D1329B83879000931A7 /* Main.storyboard */; };
		70865D1729B8387B000931A7 /* Assets.xcassets in Resources */ = {isa = PBXBuildFile; fileRef = 70865D1629B8387B000931A7 /* Assets.xcassets */; };
		70865D1A29B8387B000931A7 /* LaunchScreen.storyboard in Resources */ = {isa = PBXBuildFile; fileRef = 70865D1829B8387B000931A7 /* LaunchScreen.storyboard */; };
		70865D1D29B8387B000931A7 /* main.m in Sources */ = {isa = PBXBuildFile; fileRef = 70865D1C29B8387B000931A7 /* main.m */; };
		70865D2629B83932000931A7 /* PZXCameraCall.m in Sources */ = {isa = PBXBuildFile; fileRef = 70865D2429B83932000931A7 /* PZXCameraCall.m */; };
/* End PBXBuildFile section */

/* Begin PBXFileReference section */
		70865D0729B83879000931A7 /* PZXEasyImagePickerCall.app */ = {isa = PBXFileReference; explicitFileType = wrapper.application; includeInIndex = 0; path = PZXEasyImagePickerCall.app; sourceTree = BUILT_PRODUCTS_DIR; };
		70865D0A29B83879000931A7 /* AppDelegate.h */ = {isa = PBXFileReference; lastKnownFileType = sourcecode.c.h; path = AppDelegate.h; sourceTree = "<group>"; };
		70865D0B29B83879000931A7 /* AppDelegate.m */ = {isa = PBXFileReference; lastKnownFileType = sourcecode.c.objc; path = AppDelegate.m; sourceTree = "<group>"; };
		70865D0D29B83879000931A7 /* SceneDelegate.h */ = {isa = PBXFileReference; lastKnownFileType = sourcecode.c.h; path = SceneDelegate.h; sourceTree = "<group>"; };
		70865D0E29B83879000931A7 /* SceneDelegate.m */ = {isa = PBXFileReference; lastKnownFileType = sourcecode.c.objc; path = SceneDelegate.m; sourceTree = "<group>"; };
		70865D1029B83879000931A7 /* ViewController.h */ = {isa = PBXFileReference; lastKnownFileType = sourcecode.c.h; path = ViewController.h; sourceTree = "<group>"; };
		70865D1129B83879000931A7 /* ViewController.m */ = {isa = PBXFileReference; lastKnownFileType = sourcecode.c.objc; path = ViewController.m; sourceTree = "<group>"; };
		70865D1429B83879000931A7 /* Base */ = {isa = PBXFileReference; lastKnownFileType = file.storyboard; name = Base; path = Base.lproj/Main.storyboard; sourceTree = "<group>"; };
		70865D1629B8387B000931A7 /* Assets.xcassets */ = {isa = PBXFileReference; lastKnownFileType = folder.assetcatalog; path = Assets.xcassets; sourceTree = "<group>"; };
		70865D1929B8387B000931A7 /* Base */ = {isa = PBXFileReference; lastKnownFileType = file.storyboard; name = Base; path = Base.lproj/LaunchScreen.storyboard; sourceTree = "<group>"; };
		70865D1B29B8387B000931A7 /* Info.plist */ = {isa = PBXFileReference; lastKnownFileType = text.plist.xml; path = Info.plist; sourceTree = "<group>"; };
		70865D1C29B8387B000931A7 /* main.m */ = {isa = PBXFileReference; lastKnownFileType = sourcecode.c.objc; path = main.m; sourceTree = "<group>"; };
		70865D2429B83932000931A7 /* PZXCameraCall.m */ = {isa = PBXFileReference; fileEncoding = 4; lastKnownFileType = sourcecode.c.objc; path = PZXCameraCall.m; sourceTree = "<group>"; };
		70865D2529B83932000931A7 /* PZXCameraCall.h */ = {isa = PBXFileReference; fileEncoding = 4; lastKnownFileType = sourcecode.c.h; path = PZXCameraCall.h; sourceTree = "<group>"; };
/* End PBXFileReference section */

/* Begin PBXFrameworksBuildPhase section */
		70865D0429B83879000931A7 /* Frameworks */ = {
			isa = PBXFrameworksBuildPhase;
			buildActionMask = 2147483647;
			files = (
			);
			runOnlyForDeploymentPostprocessing = 0;
		};
/* End PBXFrameworksBuildPhase section */

/* Begin PBXGroup section */
		70865CFE29B83879000931A7 = {
			isa = PBXGroup;
			children = (
				70865D0929B83879000931A7 /* PZXEasyImagePickerCall */,
				70865D0829B83879000931A7 /* Products */,
			);
			sourceTree = "<group>";
		};
		70865D0829B83879000931A7 /* Products */ = {
			isa = PBXGroup;
			children = (
				70865D0729B83879000931A7 /* PZXEasyImagePickerCall.app */,
			);
			name = Products;
			sourceTree = "<group>";
		};
		70865D0929B83879000931A7 /* PZXEasyImagePickerCall */ = {
			isa = PBXGroup;
			children = (
				70865D2329B83932000931A7 /* PZXCallTool */,
				70865D0A29B83879000931A7 /* AppDelegate.h */,
				70865D0B29B83879000931A7 /* AppDelegate.m */,
				70865D0D29B83879000931A7 /* SceneDelegate.h */,
				70865D0E29B83879000931A7 /* SceneDelegate.m */,
				70865D1029B83879000931A7 /* ViewController.h */,
				70865D1129B83879000931A7 /* ViewController.m */,
				70865D1329B83879000931A7 /* Main.storyboard */,
				70865D1629B8387B000931A7 /* Assets.xcassets */,
				70865D1829B8387B000931A7 /* LaunchScreen.storyboard */,
				70865D1B29B8387B000931A7 /* Info.plist */,
				70865D1C29B8387B000931A7 /* main.m */,
			);
			path = PZXEasyImagePickerCall;
			sourceTree = "<group>";
		};
		70865D2329B83932000931A7 /* PZXCallTool */ = {
			isa = PBXGroup;
			children = (
				70865D2429B83932000931A7 /* PZXCameraCall.m */,
				70865D2529B83932000931A7 /* PZXCameraCall.h */,
			);
			path = PZXCallTool;
			sourceTree = "<group>";
		};
/* End PBXGroup section */

/* Begin PBXNativeTarget section */
		70865D0629B83879000931A7 /* PZXEasyImagePickerCall */ = {
			isa = PBXNativeTarget;
			buildConfigurationList = 70865D2029B8387B000931A7 /* Build configuration list for PBXNativeTarget "PZXEasyImagePickerCall" */;
			buildPhases = (
				70865D0329B83879000931A7 /* Sources */,
				70865D0429B83879000931A7 /* Frameworks */,
				70865D0529B83879000931A7 /* Resources */,
			);
			buildRules = (
			);
			dependencies = (
			);
			name = PZXEasyImagePickerCall;
			productName = PZXEasyImagePickerCall;
			productReference = 70865D0729B83879000931A7 /* PZXEasyImagePickerCall.app */;
			productType = "com.apple.product-type.application";
		};
/* End PBXNativeTarget section */

/* Begin PBXProject section */
		70865CFF29B83879000931A7 /* Project object */ = {
			isa = PBXProject;
			attributes = {
				BuildIndependentTargetsInParallel = 1;
				LastUpgradeCheck = 1420;
				TargetAttributes = {
					70865D0629B83879000931A7 = {
						CreatedOnToolsVersion = 14.2;
					};
				};
			};
			buildConfigurationList = 70865D0229B83879000931A7 /* Build configuration list for PBXProject "PZXEasyImagePickerCall" */;
			compatibilityVersion = "Xcode 14.0";
			developmentRegion = en;
			hasScannedForEncodings = 0;
			knownRegions = (
				en,
				Base,
			);
			mainGroup = 70865CFE29B83879000931A7;
			productRefGroup = 70865D0829B83879000931A7 /* Products */;
			projectDirPath = "";
			projectRoot = "";
			targets = (
				70865D0629B83879000931A7 /* PZXEasyImagePickerCall */,
			);
		};
/* End PBXProject section */

/* Begin PBXResourcesBuildPhase section */
		70865D0529B83879000931A7 /* Resources */ = {
			isa = PBXResourcesBuildPhase;
			buildActionMask = 2147483647;
			files = (
				70865D1A29B8387B000931A7 /* LaunchScreen.storyboard in Resources */,
				70865D1729B8387B000931A7 /* Assets.xcassets in Resources */,
				70865D1529B83879000931A7 /* Main.storyboard in Resources */,
			);
			runOnlyForDeploymentPostprocessing = 0;
		};
/* End PBXResourcesBuildPhase section */

/* Begin PBXSourcesBuildPhase section */
		70865D0329B83879000931A7 /* Sources */ = {
			isa = PBXSourcesBuildPhase;
			buildActionMask = 2147483647;
			files = (
				70865D1229B83879000931A7 /* ViewController.m in Sources */,
				70865D0C29B83879000931A7 /* AppDelegate.m in Sources */,
				70865D1D29B8387B000931A7 /* main.m in Sources */,
				70865D2629B83932000931A7 /* PZXCameraCall.m in Sources */,
				70865D0F29B83879000931A7 /* SceneDelegate.m in Sources */,
			);
			runOnlyForDeploymentPostprocessing = 0;
		};
/* End PBXSourcesBuildPhase section */

/* Begin PBXVariantGroup section */
		70865D1329B83879000931A7 /* Main.storyboard */ = {
			isa = PBXVariantGroup;
			children = (
				70865D1429B83879000931A7 /* Base */,
			);
			name = Main.storyboard;
			sourceTree = "<group>";
		};
		70865D1829B8387B000931A7 /* LaunchScreen.storyboard */ = {
			isa = PBXVariantGroup;
			children = (
				70865D1929B8387B000931A7 /* Base */,
			);
			name = LaunchScreen.storyboard;
			sourceTree = "<group>";
		};
/* End PBXVariantGroup section */

/* Begin XCBuildConfiguration section */
		70865D1E29B8387B000931A7 /* Debug */ = {
			isa = XCBuildConfiguration;
			buildSettings = {
				ALWAYS_SEARCH_USER_PATHS = NO;
				CLANG_ANALYZER_NONNULL = YES;
				CLANG_ANALYZER_NUMBER_OBJECT_CONVERSION = YES_AGGRESSIVE;
				CLANG_CXX_LANGUAGE_STANDARD = "gnu++20";
				CLANG_ENABLE_MODULES = YES;
				CLANG_ENABLE_OBJC_ARC = YES;
				CLANG_ENABLE_OBJC_WEAK = YES;
				CLANG_WARN_BLOCK_CAPTURE_AUTORELEASING = YES;
				CLANG_WARN_BOOL_CONVERSION = YES;
				CLANG_WARN_COMMA = YES;
				CLANG_WARN_CONSTANT_CONVERSION = YES;
				CLANG_WARN_DEPRECATED_OBJC_IMPLEMENTATIONS = YES;
				CLANG_WARN_DIRECT_OBJC_ISA_USAGE = YES_ERROR;
				CLANG_WARN_DOCUMENTATION_COMMENTS = YES;
				CLANG_WARN_EMPTY_BODY = YES;
				CLANG_WARN_ENUM_CONVERSION = YES;
				CLANG_WARN_INFINITE_RECURSION = YES;
				CLANG_WARN_INT_CONVERSION = YES;
				CLANG_WARN_NON_LITERAL_NULL_CONVERSION = YES;
				CLANG_WARN_OBJC_IMPLICIT_RETAIN_SELF = YES;
				CLANG_WARN_OBJC_LITERAL_CONVERSION = YES;
				CLANG_WARN_OBJC_ROOT_CLASS = YES_ERROR;
				CLANG_WARN_QUOTED_INCLUDE_IN_FRAMEWORK_HEADER = YES;
				CLANG_WARN_RANGE_LOOP_ANALYSIS = YES;
				CLANG_WARN_STRICT_PROTOTYPES = YES;
				CLANG_WARN_SUSPICIOUS_MOVE = YES;
				CLANG_WARN_UNGUARDED_AVAILABILITY = YES_AGGRESSIVE;
				CLANG_WARN_UNREACHABLE_CODE = YES;
				CLANG_WARN__DUPLICATE_METHOD_MATCH = YES;
				COPY_PHASE_STRIP = NO;
				DEBUG_INFORMATION_FORMAT = dwarf;
				ENABLE_STRICT_OBJC_MSGSEND = YES;
				ENABLE_TESTABILITY = YES;
				GCC_C_LANGUAGE_STANDARD = gnu11;
				GCC_DYNAMIC_NO_PIC = NO;
				GCC_NO_COMMON_BLOCKS = YES;
				GCC_OPTIMIZATION_LEVEL = 0;
				GCC_PREPROCESSOR_DEFINITIONS = (
					"DEBUG=1",
					"$(inherited)",
				);
				GCC_WARN_64_TO_32_BIT_CONVERSION = YES;
				GCC_WARN_ABOUT_RETURN_TYPE = YES_ERROR;
				GCC_WARN_UNDECLARED_SELECTOR = YES;
				GCC_WARN_UNINITIALIZED_AUTOS = YES_AGGRESSIVE;
				GCC_WARN_UNUSED_FUNCTION = YES;
				GCC_WARN_UNUSED_VARIABLE = YES;
				IPHONEOS_DEPLOYMENT_TARGET = 16.2;
				MTL_ENABLE_DEBUG_INFO = INCLUDE_SOURCE;
				MTL_FAST_MATH = YES;
				ONLY_ACTIVE_ARCH = YES;
				SDKROOT = iphoneos;
			};
			name = Debug;
		};
		70865D1F29B8387B000931A7 /* Release */ = {
			isa = XCBuildConfiguration;
			buildSettings = {
				ALWAYS_SEARCH_USER_PATHS = NO;
				CLANG_ANALYZER_NONNULL = YES;
				CLANG_ANALYZER_NUMBER_OBJECT_CONVERSION = YES_AGGRESSIVE;
				CLANG_CXX_LANGUAGE_STANDARD = "gnu++20";
				CLANG_ENABLE_MODULES = YES;
				CLANG_ENABLE_OBJC_ARC = YES;
				CLANG_ENABLE_OBJC_WEAK = YES;
				CLANG_WARN_BLOCK_CAPTURE_AUTORELEASING = YES;
				CLANG_WARN_BOOL_CONVERSION = YES;
				CLANG_WARN_COMMA = YES;
				CLANG_WARN_CONSTANT_CONVERSION = YES;
				CLANG_WARN_DEPRECATED_OBJC_IMPLEMENTATIONS = YES;
				CLANG_WARN_DIRECT_OBJC_ISA_USAGE = YES_ERROR;
				CLANG_WARN_DOCUMENTATION_COMMENTS = YES;
				CLANG_WARN_EMPTY_BODY = YES;
				CLANG_WARN_ENUM_CONVERSION = YES;
				CLANG_WARN_INFINITE_RECURSION = YES;
				CLANG_WARN_INT_CONVERSION = YES;
				CLANG_WARN_NON_LITERAL_NULL_CONVERSION = YES;
				CLANG_WARN_OBJC_IMPLICIT_RETAIN_SELF = YES;
				CLANG_WARN_OBJC_LITERAL_CONVERSION = YES;
				CLANG_WARN_OBJC_ROOT_CLASS = YES_ERROR;
				CLANG_WARN_QUOTED_INCLUDE_IN_FRAMEWORK_HEADER = YES;
				CLANG_WARN_RANGE_LOOP_ANALYSIS = YES;
				CLANG_WARN_STRICT_PROTOTYPES = YES;
				CLANG_WARN_SUSPICIOUS_MOVE = YES;
				CLANG_WARN_UNGUARDED_AVAILABILITY = YES_AGGRESSIVE;
				CLANG_WARN_UNREACHABLE_CODE = YES;
				CLANG_WARN__DUPLICATE_METHOD_MATCH = YES;
				COPY_PHASE_STRIP = NO;
				DEBUG_INFORMATION_FORMAT = "dwarf-with-dsym";
				ENABLE_NS_ASSERTIONS = NO;
				ENABLE_STRICT_OBJC_MSGSEND = YES;
				GCC_C_LANGUAGE_STANDARD = gnu11;
				GCC_NO_COMMON_BLOCKS = YES;
				GCC_WARN_64_TO_32_BIT_CONVERSION = YES;
				GCC_WARN_ABOUT_RETURN_TYPE = YES_ERROR;
				GCC_WARN_UNDECLARED_SELECTOR = YES;
				GCC_WARN_UNINITIALIZED_AUTOS = YES_AGGRESSIVE;
				GCC_WARN_UNUSED_FUNCTION = YES;
				GCC_WARN_UNUSED_VARIABLE = YES;
				IPHONEOS_DEPLOYMENT_TARGET = 16.2;
				MTL_ENABLE_DEBUG_INFO = NO;
				MTL_FAST_MATH = YES;
				SDKROOT = iphoneos;
				VALIDATE_PRODUCT = YES;
			};
			name = Release;
		};
		70865D2129B8387B000931A7 /* Debug */ = {
			isa = XCBuildConfiguration;
			buildSettings = {
				ASSETCATALOG_COMPILER_APPICON_NAME = AppIcon;
				ASSETCATALOG_COMPILER_GLOBAL_ACCENT_COLOR_NAME = AccentColor;
				CODE_SIGN_STYLE = Automatic;
				CURRENT_PROJECT_VERSION = 1;
				DEVELOPMENT_TEAM = 6AE83KM8ZG;
				GENERATE_INFOPLIST_FILE = YES;
				INFOPLIST_FILE = PZXEasyImagePickerCall/Info.plist;
				INFOPLIST_KEY_UIApplicationSupportsIndirectInputEvents = YES;
				INFOPLIST_KEY_UILaunchStoryboardName = LaunchScreen;
				INFOPLIST_KEY_UIMainStoryboardFile = Main;
				INFOPLIST_KEY_UISupportedInterfaceOrientations_iPad = "UIInterfaceOrientationPortrait UIInterfaceOrientationPortraitUpsideDown UIInterfaceOrientationLandscapeLeft UIInterfaceOrientationLandscapeRight";
				INFOPLIST_KEY_UISupportedInterfaceOrientations_iPhone = "UIInterfaceOrientationPortrait UIInterfaceOrientationLandscapeLeft UIInterfaceOrientationLandscapeRight";
				LD_RUNPATH_SEARCH_PATHS = (
					"$(inherited)",
					"@executable_path/Frameworks",
				);
				MARKETING_VERSION = 1.0;
				PRODUCT_BUNDLE_IDENTIFIER = pzx.PZXEasyImagePickerCall;
				PRODUCT_NAME = "$(TARGET_NAME)";
				SWIFT_EMIT_LOC_STRINGS = YES;
				TARGETED_DEVICE_FAMILY = "1,2";
			};
			name = Debug;
		};
		70865D2229B8387B000931A7 /* Release */ = {
			isa = XCBuildConfiguration;
			buildSettings = {
				ASSETCATALOG_COMPILER_APPICON_NAME = AppIcon;
				ASSETCATALOG_COMPILER_GLOBAL_ACCENT_COLOR_NAME = AccentColor;
				CODE_SIGN_STYLE = Automatic;
				CURRENT_PROJECT_VERSION = 1;
				DEVELOPMENT_TEAM = 6AE83KM8ZG;
				GENERATE_INFOPLIST_FILE = YES;
				INFOPLIST_FILE = PZXEasyImagePickerCall/Info.plist;
				INFOPLIST_KEY_UIApplicationSupportsIndirectInputEvents = YES;
				INFOPLIST_KEY_UILaunchStoryboardName = LaunchScreen;
				INFOPLIST_KEY_UIMainStoryboardFile = Main;
				INFOPLIST_KEY_UISupportedInterfaceOrientations_iPad = "UIInterfaceOrientationPortrait UIInterfaceOrientationPortraitUpsideDown UIInterfaceOrientationLandscapeLeft UIInterfaceOrientationLandscapeRight";
				INFOPLIST_KEY_UISupportedInterfaceOrientations_iPhone = "UIInterfaceOrientationPortrait UIInterfaceOrientationLandscapeLeft UIInterfaceOrientationLandscapeRight";
				LD_RUNPATH_SEARCH_PATHS = (
					"$(inherited)",
					"@executable_path/Frameworks",
				);
				MARKETING_VERSION = 1.0;
				PRODUCT_BUNDLE_IDENTIFIER = pzx.PZXEasyImagePickerCall;
				PRODUCT_NAME = "$(TARGET_NAME)";
				SWIFT_EMIT_LOC_STRINGS = YES;
				TARGETED_DEVICE_FAMILY = "1,2";
			};
			name = Release;
		};
/* End XCBuildConfiguration section */

/* Begin XCConfigurationList section */
		70865D0229B83879000931A7 /* Build configuration list for PBXProject "PZXEasyImagePickerCall" */ = {
			isa = XCConfigurationList;
			buildConfigurations = (
				70865D1E29B8387B000931A7 /* Debug */,
				70865D1F29B8387B000931A7 /* Release */,
			);
			defaultConfigurationIsVisible = 0;
			defaultConfigurationName = Release;
		};
		70865D2029B8387B000931A7 /* Build configuration list for PBXNativeTarget "PZXEasyImagePickerCall" */ = {
			isa = XCConfigurationList;
			buildConfigurations = (
				70865D2129B8387B000931A7 /* Debug */,
				70865D2229B8387B000931A7 /* Release */,
			);
			defaultConfigurationIsVisible = 0;
			defaultConfigurationName = Release;
		};
/* End XCConfigurationList section */
	};
	rootObject = 70865CFF29B83879000931A7 /* Project object */;
}
